
Microsoft Visual Studio Solution File, Format Version 12.00
# Visual Studio Version 16
VisualStudioVersion = 16.0.29102.190
MinimumVisualStudioVersion = 10.0.40219.1
Project("{FAE04EC0-301F-11D3-BF4B-00C04F79EFBC}") = "RecursiveExample", "RecursiveExample\RecursiveExample.csproj", "{1DBA12D8-C1C1-4FB9-B941-3204E68D2BD0}"
EndProject
Global
	GlobalSection(SolutionConfigurationPlatforms) = preSolution
		Debug|Any CPU = Debug|Any CPU
		Release|Any CPU = Release|Any CPU
	EndGlobalSection
	GlobalSection(ProjectConfigurationPlatforms) = postSolution
		{1DBA12D8-C1C1-4FB9-B941-3204E68D2BD0}.Debug|Any CPU.ActiveCfg = Debug|Any CPU
		{1DBA12D8-C1C1-4FB9-B941-3204E68D2BD0}.Debug|Any CPU.Build.0 = Debug|Any CPU
		{1DBA12D8-C1C1-4FB9-B941-3204E68D2BD0}.Release|Any CPU.ActiveCfg = Release|Any CPU
		{1DBA12D8-C1C1-4FB9-B941-3204E68D2BD0}.Release|Any CPU.Build.0 = Release|Any CPU
	EndGlobalSection
	GlobalSection(SolutionProperties) = preSolution
		HideSolutionNode = FALSE
	EndGlobalSection
	GlobalSection(ExtensibilityGlobals) = postSolution
		SolutionGuid = {15C1CDCF-A2B8-43BA-AA10-31874F77622C}
	EndGlobalSection
EndGlobal
